
Microsoft Visual Studio Solution File, Format Version 12.00
# Visual Studio Version 17
VisualStudioVersion = 17.5.002.0
MinimumVisualStudioVersion = 10.0.40219.1
Project("{2150E333-8FDC-42A3-9474-1A3956D46DE8}") = "prepare", "prepare", "{1A664236-A654-478D-8EAD-3D61FF32A51D}"
EndProject
Project("{9A19103F-16F7-4668-BE54-9A1E7A4F7556}") = "Learning02", "prepare\Learning02\Learning02.csproj", "{76C67A2A-20F6-429F-B2AE-DA67C1042DB4}"
EndProject
Project("{9A19103F-16F7-4668-BE54-9A1E7A4F7556}") = "Learning05", "prepare\Learning05\Learning05.csproj", "{92C491E9-4473-40EA-A08C-97DD3AF047B9}"
EndProject
Project("{9A19103F-16F7-4668-BE54-9A1E7A4F7556}") = "Learning04", "prepare\Learning04\Learning04.csproj", "{C616F173-FEFA-4C48-8FF3-7FA77E69CF8A}"
EndProject
Project("{9A19103F-16F7-4668-BE54-9A1E7A4F7556}") = "Learning03", "prepare\Learning03\Learning03.csproj", "{0C0B98A7-A877-4EE9-98BD-8995F811C03B}"
EndProject
Project("{2150E333-8FDC-42A3-9474-1A3956D46DE8}") = "prove", "prove", "{DFF21D00-BCC7-4198-B4E8-5D5C6D952D82}"
EndProject
Project("{9A19103F-16F7-4668-BE54-9A1E7A4F7556}") = "Develop03", "prove\Develop03\Develop03.csproj", "{E2EA8DC8-9B0C-4FE9-BCF3-9E83CFA9E58C}"
EndProject
Project("{9A19103F-16F7-4668-BE54-9A1E7A4F7556}") = "Develop04", "prove\Develop04\Develop04.csproj", "{8FFF1C73-EF7B-43BC-93F0-04E4523B8337}"
EndProject
Project("{9A19103F-16F7-4668-BE54-9A1E7A4F7556}") = "Develop05", "prove\Develop05\Develop05.csproj", "{1094B48A-936C-427A-A774-9C3A19A43054}"
EndProject
Project("{9A19103F-16F7-4668-BE54-9A1E7A4F7556}") = "Develop02", "prove\Develop02\Develop02.csproj", "{7B4159C3-A71F-4CD9-AC96-FF625F91300E}"
EndProject
Project("{2150E333-8FDC-42A3-9474-1A3956D46DE8}") = "sandbox", "sandbox", "{D71767A2-51B3-4B7E-AC1E-801ED3D8B428}"
EndProject
Project("{9A19103F-16F7-4668-BE54-9A1E7A4F7556}") = "Sandbox", "sandbox\Sandbox\Sandbox.csproj", "{CA745F2D-26E8-457E-AB60-018A82992065}"
EndProject
Project("{2150E333-8FDC-42A3-9474-1A3956D46DE8}") = "final", "final", "{2DE666E6-D551-4B1C-B356-03E0D381AEC6}"
EndProject
Project("{9A19103F-16F7-4668-BE54-9A1E7A4F7556}") = "FinalProject", "final\FinalProject\FinalProject.csproj", "{6898E929-E024-40B3-9ADF-4090D7B24DF5}"
EndProject
Project("{9A19103F-16F7-4668-BE54-9A1E7A4F7556}") = "Foundation1", "final\Foundation1\Foundation1.csproj", "{8323B490-47D0-466D-B4E0-8F08CDAE20FC}"
EndProject
Project("{9A19103F-16F7-4668-BE54-9A1E7A4F7556}") = "Foundation4", "final\Foundation4\Foundation4.csproj", "{058BE2EF-ACD5-4504-8561-A6FFC1553A9D}"
EndProject
Project("{9A19103F-16F7-4668-BE54-9A1E7A4F7556}") = "Foundation3", "final\Foundation3\Foundation3.csproj", "{2FF8B861-38DA-465E-AA1A-AE551DA13DCF}"
EndProject
Project("{9A19103F-16F7-4668-BE54-9A1E7A4F7556}") = "Foundation2", "final\Foundation2\Foundation2.csproj", "{7446F093-5F25-483D-A8DA-906FE3C78104}"
EndProject
Project("{2150E333-8FDC-42A3-9474-1A3956D46DE8}") = "csharp-prep", "csharp-prep", "{1CBD8B75-2AE7-4FD3-9BD3-C86F23665E74}"
EndProject
Project("{9A19103F-16F7-4668-BE54-9A1E7A4F7556}") = "Prep1", "csharp-prep\Prep1\Prep1.csproj", "{E0ADB2E5-CC49-4984-9140-8732539A08C4}"
EndProject
Project("{9A19103F-16F7-4668-BE54-9A1E7A4F7556}") = "Prep5", "csharp-prep\Prep5\Prep5.csproj", "{BE0A6597-6D51-4155-85E7-ECEB24098598}"
EndProject
Project("{9A19103F-16F7-4668-BE54-9A1E7A4F7556}") = "Prep2", "csharp-prep\Prep2\Prep2.csproj", "{93F2E06E-307F-4734-9EAC-09F33EAB29C0}"
EndProject
Project("{9A19103F-16F7-4668-BE54-9A1E7A4F7556}") = "Prep3", "csharp-prep\Prep3\Prep3.csproj", "{A01CF7CB-08E5-4D50-B1E0-D98493D54EBB}"
EndProject
Project("{9A19103F-16F7-4668-BE54-9A1E7A4F7556}") = "Prep4", "csharp-prep\Prep4\Prep4.csproj", "{C46602B9-91C3-45BB-9234-E8E2944F9CDC}"
EndProject
Global
	GlobalSection(SolutionConfigurationPlatforms) = preSolution
		Debug|Any CPU = Debug|Any CPU
		Release|Any CPU = Release|Any CPU
	EndGlobalSection
	GlobalSection(ProjectConfigurationPlatforms) = postSolution
		{76C67A2A-20F6-429F-B2AE-DA67C1042DB4}.Debug|Any CPU.ActiveCfg = Debug|Any CPU
		{76C67A2A-20F6-429F-B2AE-DA67C1042DB4}.Debug|Any CPU.Build.0 = Debug|Any CPU
		{76C67A2A-20F6-429F-B2AE-DA67C1042DB4}.Release|Any CPU.ActiveCfg = Release|Any CPU
		{76C67A2A-20F6-429F-B2AE-DA67C1042DB4}.Release|Any CPU.Build.0 = Release|Any CPU
		{92C491E9-4473-40EA-A08C-97DD3AF047B9}.Debug|Any CPU.ActiveCfg = Debug|Any CPU
		{92C491E9-4473-40EA-A08C-97DD3AF047B9}.Debug|Any CPU.Build.0 = Debug|Any CPU
		{92C491E9-4473-40EA-A08C-97DD3AF047B9}.Release|Any CPU.ActiveCfg = Release|Any CPU
		{92C491E9-4473-40EA-A08C-97DD3AF047B9}.Release|Any CPU.Build.0 = Release|Any CPU
		{C616F173-FEFA-4C48-8FF3-7FA77E69CF8A}.Debug|Any CPU.ActiveCfg = Debug|Any CPU
		{C616F173-FEFA-4C48-8FF3-7FA77E69CF8A}.Debug|Any CPU.Build.0 = Debug|Any CPU
		{C616F173-FEFA-4C48-8FF3-7FA77E69CF8A}.Release|Any CPU.ActiveCfg = Release|Any CPU
		{C616F173-FEFA-4C48-8FF3-7FA77E69CF8A}.Release|Any CPU.Build.0 = Release|Any CPU
		{0C0B98A7-A877-4EE9-98BD-8995F811C03B}.Debug|Any CPU.ActiveCfg = Debug|Any CPU
		{0C0B98A7-A877-4EE9-98BD-8995F811C03B}.Debug|Any CPU.Build.0 = Debug|Any CPU
		{0C0B98A7-A877-4EE9-98BD-8995F811C03B}.Release|Any CPU.ActiveCfg = Release|Any CPU
		{0C0B98A7-A877-4EE9-98BD-8995F811C03B}.Release|Any CPU.Build.0 = Release|Any CPU
		{E2EA8DC8-9B0C-4FE9-BCF3-9E83CFA9E58C}.Debug|Any CPU.ActiveCfg = Debug|Any CPU
		{E2EA8DC8-9B0C-4FE9-BCF3-9E83CFA9E58C}.Debug|Any CPU.Build.0 = Debug|Any CPU
		{E2EA8DC8-9B0C-4FE9-BCF3-9E83CFA9E58C}.Release|Any CPU.ActiveCfg = Release|Any CPU
		{E2EA8DC8-9B0C-4FE9-BCF3-9E83CFA9E58C}.Release|Any CPU.Build.0 = Release|Any CPU
		{8FFF1C73-EF7B-43BC-93F0-04E4523B8337}.Debug|Any CPU.ActiveCfg = Debug|Any CPU
		{8FFF1C73-EF7B-43BC-93F0-04E4523B8337}.Debug|Any CPU.Build.0 = Debug|Any CPU
		{8FFF1C73-EF7B-43BC-93F0-04E4523B8337}.Release|Any CPU.ActiveCfg = Release|Any CPU
		{8FFF1C73-EF7B-43BC-93F0-04E4523B8337}.Release|Any CPU.Build.0 = Release|Any CPU
		{1094B48A-936C-427A-A774-9C3A19A43054}.Debug|Any CPU.ActiveCfg = Debug|Any CPU
		{1094B48A-936C-427A-A774-9C3A19A43054}.Debug|Any CPU.Build.0 = Debug|Any CPU
		{1094B48A-936C-427A-A774-9C3A19A43054}.Release|Any CPU.ActiveCfg = Release|Any CPU
		{1094B48A-936C-427A-A774-9C3A19A43054}.Release|Any CPU.Build.0 = Release|Any CPU
		{7B4159C3-A71F-4CD9-AC96-FF625F91300E}.Debug|Any CPU.ActiveCfg = Debug|Any CPU
		{7B4159C3-A71F-4CD9-AC96-FF625F91300E}.Debug|Any CPU.Build.0 = Debug|Any CPU
		{7B4159C3-A71F-4CD9-AC96-FF625F91300E}.Release|Any CPU.ActiveCfg = Release|Any CPU
		{7B4159C3-A71F-4CD9-AC96-FF625F91300E}.Release|Any CPU.Build.0 = Release|Any CPU
		{CA745F2D-26E8-457E-AB60-018A82992065}.Debug|Any CPU.ActiveCfg = Debug|Any CPU
		{CA745F2D-26E8-457E-AB60-018A82992065}.Debug|Any CPU.Build.0 = Debug|Any CPU
		{CA745F2D-26E8-457E-AB60-018A82992065}.Release|Any CPU.ActiveCfg = Release|Any CPU
		{CA745F2D-26E8-457E-AB60-018A82992065}.Release|Any CPU.Build.0 = Release|Any CPU
		{6898E929-E024-40B3-9ADF-4090D7B24DF5}.Debug|Any CPU.ActiveCfg = Debug|Any CPU
		{6898E929-E024-40B3-9ADF-4090D7B24DF5}.Debug|Any CPU.Build.0 = Debug|Any CPU
		{6898E929-E024-40B3-9ADF-4090D7B24DF5}.Release|Any CPU.ActiveCfg = Release|Any CPU
		{6898E929-E024-40B3-9ADF-4090D7B24DF5}.Release|Any CPU.Build.0 = Release|Any CPU
		{8323B490-47D0-466D-B4E0-8F08CDAE20FC}.Debug|Any CPU.ActiveCfg = Debug|Any CPU
		{8323B490-47D0-466D-B4E0-8F08CDAE20FC}.Debug|Any CPU.Build.0 = Debug|Any CPU
		{8323B490-47D0-466D-B4E0-8F08CDAE20FC}.Release|Any CPU.ActiveCfg = Release|Any CPU
		{8323B490-47D0-466D-B4E0-8F08CDAE20FC}.Release|Any CPU.Build.0 = Release|Any CPU
		{058BE2EF-ACD5-4504-8561-A6FFC1553A9D}.Debug|Any CPU.ActiveCfg = Debug|Any CPU
		{058BE2EF-ACD5-4504-8561-A6FFC1553A9D}.Debug|Any CPU.Build.0 = Debug|Any CPU
		{058BE2EF-ACD5-4504-8561-A6FFC1553A9D}.Release|Any CPU.ActiveCfg = Release|Any CPU
		{058BE2EF-ACD5-4504-8561-A6FFC1553A9D}.Release|Any CPU.Build.0 = Release|Any CPU
		{2FF8B861-38DA-465E-AA1A-AE551DA13DCF}.Debug|Any CPU.ActiveCfg = Debug|Any CPU
		{2FF8B861-38DA-465E-AA1A-AE551DA13DCF}.Debug|Any CPU.Build.0 = Debug|Any CPU
		{2FF8B861-38DA-465E-AA1A-AE551DA13DCF}.Release|Any CPU.ActiveCfg = Release|Any CPU
		{2FF8B861-38DA-465E-AA1A-AE551DA13DCF}.Release|Any CPU.Build.0 = Release|Any CPU
		{7446F093-5F25-483D-A8DA-906FE3C78104}.Debug|Any CPU.ActiveCfg = Debug|Any CPU
		{7446F093-5F25-483D-A8DA-906FE3C78104}.Debug|Any CPU.Build.0 = Debug|Any CPU
		{7446F093-5F25-483D-A8DA-906FE3C78104}.Release|Any CPU.ActiveCfg = Release|Any CPU
		{7446F093-5F25-483D-A8DA-906FE3C78104}.Release|Any CPU.Build.0 = Release|Any CPU
		{E0ADB2E5-CC49-4984-9140-8732539A08C4}.Debug|Any CPU.ActiveCfg = Debug|Any CPU
		{E0ADB2E5-CC49-4984-9140-8732539A08C4}.Debug|Any CPU.Build.0 = Debug|Any CPU
		{E0ADB2E5-CC49-4984-9140-8732539A08C4}.Release|Any CPU.ActiveCfg = Release|Any CPU
		{E0ADB2E5-CC49-4984-9140-8732539A08C4}.Release|Any CPU.Build.0 = Release|Any CPU
		{BE0A6597-6D51-4155-85E7-ECEB24098598}.Debug|Any CPU.ActiveCfg = Debug|Any CPU
		{BE0A6597-6D51-4155-85E7-ECEB24098598}.Debug|Any CPU.Build.0 = Debug|Any CPU
		{BE0A6597-6D51-4155-85E7-ECEB24098598}.Release|Any CPU.ActiveCfg = Release|Any CPU
		{BE0A6597-6D51-4155-85E7-ECEB24098598}.Release|Any CPU.Build.0 = Release|Any CPU
		{93F2E06E-307F-4734-9EAC-09F33EAB29C0}.Debug|Any CPU.ActiveCfg = Debug|Any CPU
		{93F2E06E-307F-4734-9EAC-09F33EAB29C0}.Debug|Any CPU.Build.0 = Debug|Any CPU
		{93F2E06E-307F-4734-9EAC-09F33EAB29C0}.Release|Any CPU.ActiveCfg = Release|Any CPU
		{93F2E06E-307F-4734-9EAC-09F33EAB29C0}.Release|Any CPU.Build.0 = Release|Any CPU
		{A01CF7CB-08E5-4D50-B1E0-D98493D54EBB}.Debug|Any CPU.ActiveCfg = Debug|Any CPU
		{A01CF7CB-08E5-4D50-B1E0-D98493D54EBB}.Debug|Any CPU.Build.0 = Debug|Any CPU
		{A01CF7CB-08E5-4D50-B1E0-D98493D54EBB}.Release|Any CPU.ActiveCfg = Release|Any CPU
		{A01CF7CB-08E5-4D50-B1E0-D98493D54EBB}.Release|Any CPU.Build.0 = Release|Any CPU
		{C46602B9-91C3-45BB-9234-E8E2944F9CDC}.Debug|Any CPU.ActiveCfg = Debug|Any CPU
		{C46602B9-91C3-45BB-9234-E8E2944F9CDC}.Debug|Any CPU.Build.0 = Debug|Any CPU
		{C46602B9-91C3-45BB-9234-E8E2944F9CDC}.Release|Any CPU.ActiveCfg = Release|Any CPU
		{C46602B9-91C3-45BB-9234-E8E2944F9CDC}.Release|Any CPU.Build.0 = Release|Any CPU
	EndGlobalSection
	GlobalSection(SolutionProperties) = preSolution
		HideSolutionNode = FALSE
	EndGlobalSection
	GlobalSection(NestedProjects) = preSolution
		{76C67A2A-20F6-429F-B2AE-DA67C1042DB4} = {1A664236-A654-478D-8EAD-3D61FF32A51D}
		{92C491E9-4473-40EA-A08C-97DD3AF047B9} = {1A664236-A654-478D-8EAD-3D61FF32A51D}
		{C616F173-FEFA-4C48-8FF3-7FA77E69CF8A} = {1A664236-A654-478D-8EAD-3D61FF32A51D}
		{0C0B98A7-A877-4EE9-98BD-8995F811C03B} = {1A664236-A654-478D-8EAD-3D61FF32A51D}
		{E2EA8DC8-9B0C-4FE9-BCF3-9E83CFA9E58C} = {DFF21D00-BCC7-4198-B4E8-5D5C6D952D82}
		{8FFF1C73-EF7B-43BC-93F0-04E4523B8337} = {DFF21D00-BCC7-4198-B4E8-5D5C6D952D82}
		{1094B48A-936C-427A-A774-9C3A19A43054} = {DFF21D00-BCC7-4198-B4E8-5D5C6D952D82}
		{7B4159C3-A71F-4CD9-AC96-FF625F91300E} = {DFF21D00-BCC7-4198-B4E8-5D5C6D952D82}
		{CA745F2D-26E8-457E-AB60-018A82992065} = {D71767A2-51B3-4B7E-AC1E-801ED3D8B428}
		{6898E929-E024-40B3-9ADF-4090D7B24DF5} = {2DE666E6-D551-4B1C-B356-03E0D381AEC6}
		{8323B490-47D0-466D-B4E0-8F08CDAE20FC} = {2DE666E6-D551-4B1C-B356-03E0D381AEC6}
		{058BE2EF-ACD5-4504-8561-A6FFC1553A9D} = {2DE666E6-D551-4B1C-B356-03E0D381AEC6}
		{2FF8B861-38DA-465E-AA1A-AE551DA13DCF} = {2DE666E6-D551-4B1C-B356-03E0D381AEC6}
		{7446F093-5F25-483D-A8DA-906FE3C78104} = {2DE666E6-D551-4B1C-B356-03E0D381AEC6}
		{E0ADB2E5-CC49-4984-9140-8732539A08C4} = {1CBD8B75-2AE7-4FD3-9BD3-C86F23665E74}
		{BE0A6597-6D51-4155-85E7-ECEB24098598} = {1CBD8B75-2AE7-4FD3-9BD3-C86F23665E74}
		{93F2E06E-307F-4734-9EAC-09F33EAB29C0} = {1CBD8B75-2AE7-4FD3-9BD3-C86F23665E74}
		{A01CF7CB-08E5-4D50-B1E0-D98493D54EBB} = {1CBD8B75-2AE7-4FD3-9BD3-C86F23665E74}
		{C46602B9-91C3-45BB-9234-E8E2944F9CDC} = {1CBD8B75-2AE7-4FD3-9BD3-C86F23665E74}
	EndGlobalSection
	GlobalSection(ExtensibilityGlobals) = postSolution
		SolutionGuid = {7D0DA1AE-1DCC-4E0E-A1BA-E96C7299127D}
	EndGlobalSection
EndGlobal
